
Microsoft Visual Studio Solution File, Format Version 12.00
Project("{FAE04EC0-301F-11D3-BF4B-00C04F79EFBC}") = "Calculator", "Calculator\Calculator.csproj", "{09F93239-9244-4E44-BFE3-62979756654D}"
EndProject
Project("{FAE04EC0-301F-11D3-BF4B-00C04F79EFBC}") = "TestProject", "TestProject\TestProject.csproj", "{071A0A7B-E517-41EB-8893-3AA239348845}"
EndProject
Global
	GlobalSection(SolutionConfigurationPlatforms) = preSolution
		Debug|Any CPU = Debug|Any CPU
		Release|Any CPU = Release|Any CPU
	EndGlobalSection
	GlobalSection(ProjectConfigurationPlatforms) = postSolution
		{09F93239-9244-4E44-BFE3-62979756654D}.Debug|Any CPU.ActiveCfg = Debug|Any CPU
		{09F93239-9244-4E44-BFE3-62979756654D}.Debug|Any CPU.Build.0 = Debug|Any CPU
		{09F93239-9244-4E44-BFE3-62979756654D}.Release|Any CPU.ActiveCfg = Release|Any CPU
		{09F93239-9244-4E44-BFE3-62979756654D}.Release|Any CPU.Build.0 = Release|Any CPU
		{071A0A7B-E517-41EB-8893-3AA239348845}.Debug|Any CPU.ActiveCfg = Debug|Any CPU
		{071A0A7B-E517-41EB-8893-3AA239348845}.Debug|Any CPU.Build.0 = Debug|Any CPU
		{071A0A7B-E517-41EB-8893-3AA239348845}.Release|Any CPU.ActiveCfg = Release|Any CPU
		{071A0A7B-E517-41EB-8893-3AA239348845}.Release|Any CPU.Build.0 = Release|Any CPU
	EndGlobalSection
EndGlobal
