
Microsoft Visual Studio Solution File, Format Version 12.00
Project("{FAE04EC0-301F-11D3-BF4B-00C04F79EFBC}") = "TestProject1", "TestProject1\TestProject1.csproj", "{243D0256-8B7A-48CD-918B-0E69AF37946B}"
EndProject
Project("{FAE04EC0-301F-11D3-BF4B-00C04F79EFBC}") = "Calculator.Core", "Calculator.Core\Calculator.Core.csproj", "{1350F6B3-3337-47C3-BCA4-A4D2E3C22813}"
EndProject
Global
	GlobalSection(SolutionConfigurationPlatforms) = preSolution
		Debug|Any CPU = Debug|Any CPU
		Release|Any CPU = Release|Any CPU
	EndGlobalSection
	GlobalSection(ProjectConfigurationPlatforms) = postSolution
		{243D0256-8B7A-48CD-918B-0E69AF37946B}.Debug|Any CPU.ActiveCfg = Debug|Any CPU
		{243D0256-8B7A-48CD-918B-0E69AF37946B}.Debug|Any CPU.Build.0 = Debug|Any CPU
		{243D0256-8B7A-48CD-918B-0E69AF37946B}.Release|Any CPU.ActiveCfg = Release|Any CPU
		{243D0256-8B7A-48CD-918B-0E69AF37946B}.Release|Any CPU.Build.0 = Release|Any CPU
		{1350F6B3-3337-47C3-BCA4-A4D2E3C22813}.Debug|Any CPU.ActiveCfg = Debug|Any CPU
		{1350F6B3-3337-47C3-BCA4-A4D2E3C22813}.Debug|Any CPU.Build.0 = Debug|Any CPU
		{1350F6B3-3337-47C3-BCA4-A4D2E3C22813}.Release|Any CPU.ActiveCfg = Release|Any CPU
		{1350F6B3-3337-47C3-BCA4-A4D2E3C22813}.Release|Any CPU.Build.0 = Release|Any CPU
	EndGlobalSection
EndGlobal
